
Microsoft Visual Studio Solution File, Format Version 12.00
# Visual Studio 15
Project("{FAE04EC0-301F-11D3-BF4B-00C04F79EFBC}") = "Assembly-CSharp", "Assembly-CSharp.csproj", "{C1A15A47-8529-62C0-A1F1-81A5BC35345C}"
EndProject
Project("{FAE04EC0-301F-11D3-BF4B-00C04F79EFBC}") = "Assembly-CSharp-Editor", "Assembly-CSharp-Editor.csproj", "{5FB1F462-3D79-84CD-80D9-B77D319FACE2}"
EndProject
Project("{FAE04EC0-301F-11D3-BF4B-00C04F79EFBC}") = "Assembly-CSharp", "Assembly-CSharp.Player.csproj", "{A300FA91-F28A-F66D-CFC3-CB552F4A9BE2}"
EndProject
Global
	GlobalSection(SolutionConfigurationPlatforms) = preSolution
		Debug|Any CPU = Debug|Any CPU
		Release|Any CPU = Release|Any CPU
	EndGlobalSection
	GlobalSection(ProjectConfigurationPlatforms) = postSolution
		{C1A15A47-8529-62C0-A1F1-81A5BC35345C}.Debug|Any CPU.ActiveCfg = Debug|Any CPU
		{C1A15A47-8529-62C0-A1F1-81A5BC35345C}.Debug|Any CPU.Build.0 = Debug|Any CPU
		{C1A15A47-8529-62C0-A1F1-81A5BC35345C}.Release|Any CPU.ActiveCfg = Release|Any CPU
		{C1A15A47-8529-62C0-A1F1-81A5BC35345C}.Release|Any CPU.Build.0 = Release|Any CPU
		{5FB1F462-3D79-84CD-80D9-B77D319FACE2}.Debug|Any CPU.ActiveCfg = Debug|Any CPU
		{5FB1F462-3D79-84CD-80D9-B77D319FACE2}.Debug|Any CPU.Build.0 = Debug|Any CPU
		{5FB1F462-3D79-84CD-80D9-B77D319FACE2}.Release|Any CPU.ActiveCfg = Release|Any CPU
		{5FB1F462-3D79-84CD-80D9-B77D319FACE2}.Release|Any CPU.Build.0 = Release|Any CPU
		{A300FA91-F28A-F66D-CFC3-CB552F4A9BE2}.Debug|Any CPU.ActiveCfg = Debug|Any CPU
		{A300FA91-F28A-F66D-CFC3-CB552F4A9BE2}.Debug|Any CPU.Build.0 = Debug|Any CPU
		{A300FA91-F28A-F66D-CFC3-CB552F4A9BE2}.Release|Any CPU.ActiveCfg = Release|Any CPU
		{A300FA91-F28A-F66D-CFC3-CB552F4A9BE2}.Release|Any CPU.Build.0 = Release|Any CPU
	EndGlobalSection
	GlobalSection(SolutionProperties) = preSolution
		HideSolutionNode = FALSE
	EndGlobalSection
EndGlobal
